// !$*UTF8*$!
{
	archiveVersion = 1;
	classes = {
	};
	objectVersion = 46;
	objects = {

/* Begin PBXBuildFile section */
		951CD8DE1434311E005DE354 /* JSONKit.m in Sources */ = {isa = PBXBuildFile; fileRef = 951CD8DD1434311E005DE354 /* JSONKit.m */; };
		951CD8E2143589E8005DE354 /* BaseViewController.m in Sources */ = {isa = PBXBuildFile; fileRef = 951CD8E1143589E8005DE354 /* BaseViewController.m */; };
		951CD8F514358FBC005DE354 /* SVProgressHUD.bundle in Resources */ = {isa = PBXBuildFile; fileRef = 951CD8F214358FBC005DE354 /* SVProgressHUD.bundle */; };
		951CD8F614358FBC005DE354 /* SVProgressHUD.m in Sources */ = {isa = PBXBuildFile; fileRef = 951CD8F414358FBC005DE354 /* SVProgressHUD.m */; };
		951CD8F814358FFA005DE354 /* QuartzCore.framework in Frameworks */ = {isa = PBXBuildFile; fileRef = 951CD8F714358FF9005DE354 /* QuartzCore.framework */; };
		951CD8FA1435AAB6005DE354 /* CoreLocation.framework in Frameworks */ = {isa = PBXBuildFile; fileRef = 951CD8F91435AAB6005DE354 /* CoreLocation.framework */; };
		954EDB031441B10F00A04CFA /* SlideToCancelViewController.m in Sources */ = {isa = PBXBuildFile; fileRef = 954EDB021441B10F00A04CFA /* SlideToCancelViewController.m */; };
		954EDB071441B14300A04CFA /* sliderMaxMin-02.png in Resources */ = {isa = PBXBuildFile; fileRef = 954EDB041441B14300A04CFA /* sliderMaxMin-02.png */; };
		954EDB081441B14300A04CFA /* sliderThumb.png in Resources */ = {isa = PBXBuildFile; fileRef = 954EDB051441B14300A04CFA /* sliderThumb.png */; };
		954EDB091441B14300A04CFA /* sliderTrack.png in Resources */ = {isa = PBXBuildFile; fileRef = 954EDB061441B14300A04CFA /* sliderTrack.png */; };
		9558F177142AF8DC00A76D67 /* UIKit.framework in Frameworks */ = {isa = PBXBuildFile; fileRef = 9558F176142AF8DC00A76D67 /* UIKit.framework */; };
		9558F179142AF8DC00A76D67 /* Foundation.framework in Frameworks */ = {isa = PBXBuildFile; fileRef = 9558F178142AF8DC00A76D67 /* Foundation.framework */; };
		9558F17B142AF8DC00A76D67 /* CoreGraphics.framework in Frameworks */ = {isa = PBXBuildFile; fileRef = 9558F17A142AF8DC00A76D67 /* CoreGraphics.framework */; };
		9558F181142AF8DC00A76D67 /* InfoPlist.strings in Resources */ = {isa = PBXBuildFile; fileRef = 9558F17F142AF8DC00A76D67 /* InfoPlist.strings */; };
		9558F183142AF8DC00A76D67 /* main.m in Sources */ = {isa = PBXBuildFile; fileRef = 9558F182142AF8DC00A76D67 /* main.m */; };
		9558F187142AF8DC00A76D67 /* ntalkappAppDelegate.m in Sources */ = {isa = PBXBuildFile; fileRef = 9558F186142AF8DC00A76D67 /* ntalkappAppDelegate.m */; };
		9558F18A142AF8DC00A76D67 /* MainWindow.xib in Resources */ = {isa = PBXBuildFile; fileRef = 9558F188142AF8DC00A76D67 /* MainWindow.xib */; };
		9558F18D142AF8DC00A76D67 /* RootViewController.m in Sources */ = {isa = PBXBuildFile; fileRef = 9558F18C142AF8DC00A76D67 /* RootViewController.m */; };
		9558F190142AF8DC00A76D67 /* RootViewController.xib in Resources */ = {isa = PBXBuildFile; fileRef = 9558F18E142AF8DC00A76D67 /* RootViewController.xib */; };
		9558F1A1142AF93400A76D67 /* LoginViewController.m in Sources */ = {isa = PBXBuildFile; fileRef = 9558F197142AF93400A76D67 /* LoginViewController.m */; };
		9558F1A2142AF93400A76D67 /* LoginViewController.xib in Resources */ = {isa = PBXBuildFile; fileRef = 9558F198142AF93400A76D67 /* LoginViewController.xib */; };
		9558F1A3142AF93400A76D67 /* TextEditCell.m in Sources */ = {isa = PBXBuildFile; fileRef = 9558F199142AF93400A76D67 /* TextEditCell.m */; };
		9558F1A4142AF93400A76D67 /* TextEditCell.xib in Resources */ = {isa = PBXBuildFile; fileRef = 9558F19A142AF93400A76D67 /* TextEditCell.xib */; };
		9558F1A5142AF93400A76D67 /* WalkthroughScreen.m in Sources */ = {isa = PBXBuildFile; fileRef = 9558F19B142AF93400A76D67 /* WalkthroughScreen.m */; };
		9558F1A6142AF93400A76D67 /* WalkthroughScreen1.xib in Resources */ = {isa = PBXBuildFile; fileRef = 9558F19C142AF93400A76D67 /* WalkthroughScreen1.xib */; };
		9558F1A7142AF93400A76D67 /* WalkthroughScreen2.xib in Resources */ = {isa = PBXBuildFile; fileRef = 9558F19D142AF93400A76D67 /* WalkthroughScreen2.xib */; };
		9558F1A8142AF93400A76D67 /* WalkthroughScreen3.xib in Resources */ = {isa = PBXBuildFile; fileRef = 9558F19E142AF93400A76D67 /* WalkthroughScreen3.xib */; };
		9558F1A9142AF93400A76D67 /* WalktroughViewController.m in Sources */ = {isa = PBXBuildFile; fileRef = 9558F19F142AF93400A76D67 /* WalktroughViewController.m */; };
		9558F1AA142AF93400A76D67 /* WalktroughViewController.xib in Resources */ = {isa = PBXBuildFile; fileRef = 9558F1A0142AF93400A76D67 /* WalktroughViewController.xib */; };
		9558F1B3142AFBFD00A76D67 /* button.png in Resources */ = {isa = PBXBuildFile; fileRef = 9558F1B0142AFBFC00A76D67 /* button.png */; };
		9558F1B4142AFBFD00A76D67 /* contacts.png in Resources */ = {isa = PBXBuildFile; fileRef = 9558F1B1142AFBFC00A76D67 /* contacts.png */; };
		9558F1B5142AFBFD00A76D67 /* gift.png in Resources */ = {isa = PBXBuildFile; fileRef = 9558F1B2142AFBFC00A76D67 /* gift.png */; };
		9558F1CD142B022800A76D67 /* ASIAuthenticationDialog.m in Sources */ = {isa = PBXBuildFile; fileRef = 9558F1BC142B022800A76D67 /* ASIAuthenticationDialog.m */; };
		9558F1CE142B022800A76D67 /* ASIDataCompressor.m in Sources */ = {isa = PBXBuildFile; fileRef = 9558F1BF142B022800A76D67 /* ASIDataCompressor.m */; };
		9558F1CF142B022800A76D67 /* ASIDataDecompressor.m in Sources */ = {isa = PBXBuildFile; fileRef = 9558F1C1142B022800A76D67 /* ASIDataDecompressor.m */; };
		9558F1D0142B022800A76D67 /* ASIDownloadCache.m in Sources */ = {isa = PBXBuildFile; fileRef = 9558F1C3142B022800A76D67 /* ASIDownloadCache.m */; };
		9558F1D1142B022800A76D67 /* ASIFormDataRequest.m in Sources */ = {isa = PBXBuildFile; fileRef = 9558F1C5142B022800A76D67 /* ASIFormDataRequest.m */; };
		9558F1D2142B022800A76D67 /* ASIHTTPRequest.m in Sources */ = {isa = PBXBuildFile; fileRef = 9558F1C7142B022800A76D67 /* ASIHTTPRequest.m */; };
		9558F1D3142B022800A76D67 /* ASIInputStream.m in Sources */ = {isa = PBXBuildFile; fileRef = 9558F1CB142B022800A76D67 /* ASIInputStream.m */; };
		9558F1D7142B029600A76D67 /* Reachability.m in Sources */ = {isa = PBXBuildFile; fileRef = 9558F1D6142B029600A76D67 /* Reachability.m */; };
		9558F1D9142B050D00A76D67 /* CFNetwork.framework in Frameworks */ = {isa = PBXBuildFile; fileRef = 9558F1D8142B050D00A76D67 /* CFNetwork.framework */; };
		9558F1DB142B051600A76D67 /* SystemConfiguration.framework in Frameworks */ = {isa = PBXBuildFile; fileRef = 9558F1DA142B051600A76D67 /* SystemConfiguration.framework */; };
		9558F1DD142B051F00A76D67 /* MobileCoreServices.framework in Frameworks */ = {isa = PBXBuildFile; fileRef = 9558F1DC142B051F00A76D67 /* MobileCoreServices.framework */; };
		9558F1DF142B053F00A76D67 /* libz.dylib in Frameworks */ = {isa = PBXBuildFile; fileRef = 9558F1DE142B053F00A76D67 /* libz.dylib */; };
		956F6C4F143C0C8700E21B54 /* AsyncCell.m in Sources */ = {isa = PBXBuildFile; fileRef = 956F6C4E143C0C8700E21B54 /* AsyncCell.m */; };
		956F6C53143C0CA700E21B54 /* FastCell.m in Sources */ = {isa = PBXBuildFile; fileRef = 956F6C52143C0CA700E21B54 /* FastCell.m */; };
		956F6C56143C0CD600E21B54 /* DictionaryHelper.m in Sources */ = {isa = PBXBuildFile; fileRef = 956F6C55143C0CD600E21B54 /* DictionaryHelper.m */; };
		956F6C5A143C261C00E21B54 /* ContactDetailsViewController.m in Sources */ = {isa = PBXBuildFile; fileRef = 956F6C58143C261C00E21B54 /* ContactDetailsViewController.m */; };
		956F6C5B143C261C00E21B54 /* ContactDetailsViewController.xib in Resources */ = {isa = PBXBuildFile; fileRef = 956F6C59143C261C00E21B54 /* ContactDetailsViewController.xib */; };
		9582201F143954A500FA918A /* PreferencesViewController.m in Sources */ = {isa = PBXBuildFile; fileRef = 9582201D143954A500FA918A /* PreferencesViewController.m */; };
		95822020143954A500FA918A /* PreferencesViewController.xib in Resources */ = {isa = PBXBuildFile; fileRef = 9582201E143954A500FA918A /* PreferencesViewController.xib */; };
		959786A71439662F000CF7C7 /* ContactsViewController.m in Sources */ = {isa = PBXBuildFile; fileRef = 959786A51439662F000CF7C7 /* ContactsViewController.m */; };
		959786A81439662F000CF7C7 /* ContactsViewController.xib in Resources */ = {isa = PBXBuildFile; fileRef = 959786A61439662F000CF7C7 /* ContactsViewController.xib */; };
		95D97FD114418BB900D5BA5A /* 184-warning.png in Resources */ = {isa = PBXBuildFile; fileRef = 95D97FD014418BB900D5BA5A /* 184-warning.png */; };
		95D97FD414418BC900D5BA5A /* 112-group.png in Resources */ = {isa = PBXBuildFile; fileRef = 95D97FD314418BC900D5BA5A /* 112-group.png */; };
		95D97FD614418C8400D5BA5A /* 123-id-card.png in Resources */ = {isa = PBXBuildFile; fileRef = 95D97FD514418C8400D5BA5A /* 123-id-card.png */; };
/* End PBXBuildFile section */

/* Begin PBXFileReference section */
		951CD8DC1434311E005DE354 /* JSONKit.h */ = {isa = PBXFileReference; fileEncoding = 4; lastKnownFileType = sourcecode.c.h; path = JSONKit.h; sourceTree = "<group>"; };
		951CD8DD1434311E005DE354 /* JSONKit.m */ = {isa = PBXFileReference; fileEncoding = 4; lastKnownFileType = sourcecode.c.objc; path = JSONKit.m; sourceTree = "<group>"; };
		951CD8E0143589E8005DE354 /* BaseViewController.h */ = {isa = PBXFileReference; fileEncoding = 4; lastKnownFileType = sourcecode.c.h; path = BaseViewController.h; sourceTree = "<group>"; };
		951CD8E1143589E8005DE354 /* BaseViewController.m */ = {isa = PBXFileReference; fileEncoding = 4; lastKnownFileType = sourcecode.c.objc; path = BaseViewController.m; sourceTree = "<group>"; };
		951CD8F214358FBC005DE354 /* SVProgressHUD.bundle */ = {isa = PBXFileReference; lastKnownFileType = "wrapper.plug-in"; path = SVProgressHUD.bundle; sourceTree = "<group>"; };
		951CD8F314358FBC005DE354 /* SVProgressHUD.h */ = {isa = PBXFileReference; fileEncoding = 4; lastKnownFileType = sourcecode.c.h; path = SVProgressHUD.h; sourceTree = "<group>"; };
		951CD8F414358FBC005DE354 /* SVProgressHUD.m */ = {isa = PBXFileReference; fileEncoding = 4; lastKnownFileType = sourcecode.c.objc; path = SVProgressHUD.m; sourceTree = "<group>"; };
		951CD8F714358FF9005DE354 /* QuartzCore.framework */ = {isa = PBXFileReference; lastKnownFileType = wrapper.framework; name = QuartzCore.framework; path = System/Library/Frameworks/QuartzCore.framework; sourceTree = SDKROOT; };
		951CD8F91435AAB6005DE354 /* CoreLocation.framework */ = {isa = PBXFileReference; lastKnownFileType = wrapper.framework; name = CoreLocation.framework; path = System/Library/Frameworks/CoreLocation.framework; sourceTree = SDKROOT; };
		954EDB011441B10F00A04CFA /* SlideToCancelViewController.h */ = {isa = PBXFileReference; fileEncoding = 4; lastKnownFileType = sourcecode.c.h; path = SlideToCancelViewController.h; sourceTree = "<group>"; };
		954EDB021441B10F00A04CFA /* SlideToCancelViewController.m */ = {isa = PBXFileReference; fileEncoding = 4; lastKnownFileType = sourcecode.c.objc; path = SlideToCancelViewController.m; sourceTree = "<group>"; };
		954EDB041441B14300A04CFA /* sliderMaxMin-02.png */ = {isa = PBXFileReference; lastKnownFileType = image.png; path = "sliderMaxMin-02.png"; sourceTree = "<group>"; };
		954EDB051441B14300A04CFA /* sliderThumb.png */ = {isa = PBXFileReference; lastKnownFileType = image.png; path = sliderThumb.png; sourceTree = "<group>"; };
		954EDB061441B14300A04CFA /* sliderTrack.png */ = {isa = PBXFileReference; lastKnownFileType = image.png; path = sliderTrack.png; sourceTree = "<group>"; };
		9558F172142AF8DC00A76D67 /* ntalkapp.app */ = {isa = PBXFileReference; explicitFileType = wrapper.application; includeInIndex = 0; path = ntalkapp.app; sourceTree = BUILT_PRODUCTS_DIR; };
		9558F176142AF8DC00A76D67 /* UIKit.framework */ = {isa = PBXFileReference; lastKnownFileType = wrapper.framework; name = UIKit.framework; path = System/Library/Frameworks/UIKit.framework; sourceTree = SDKROOT; };
		9558F178142AF8DC00A76D67 /* Foundation.framework */ = {isa = PBXFileReference; lastKnownFileType = wrapper.framework; name = Foundation.framework; path = System/Library/Frameworks/Foundation.framework; sourceTree = SDKROOT; };
		9558F17A142AF8DC00A76D67 /* CoreGraphics.framework */ = {isa = PBXFileReference; lastKnownFileType = wrapper.framework; name = CoreGraphics.framework; path = System/Library/Frameworks/CoreGraphics.framework; sourceTree = SDKROOT; };
		9558F17E142AF8DC00A76D67 /* ntalkapp-Info.plist */ = {isa = PBXFileReference; lastKnownFileType = text.plist.xml; path = "ntalkapp-Info.plist"; sourceTree = "<group>"; };
		9558F180142AF8DC00A76D67 /* en */ = {isa = PBXFileReference; lastKnownFileType = text.plist.strings; name = en; path = en.lproj/InfoPlist.strings; sourceTree = "<group>"; };
		9558F182142AF8DC00A76D67 /* main.m */ = {isa = PBXFileReference; lastKnownFileType = sourcecode.c.objc; path = main.m; sourceTree = "<group>"; };
		9558F184142AF8DC00A76D67 /* ntalkapp-Prefix.pch */ = {isa = PBXFileReference; lastKnownFileType = sourcecode.c.h; path = "ntalkapp-Prefix.pch"; sourceTree = "<group>"; };
		9558F185142AF8DC00A76D67 /* ntalkappAppDelegate.h */ = {isa = PBXFileReference; lastKnownFileType = sourcecode.c.h; path = ntalkappAppDelegate.h; sourceTree = "<group>"; };
		9558F186142AF8DC00A76D67 /* ntalkappAppDelegate.m */ = {isa = PBXFileReference; lastKnownFileType = sourcecode.c.objc; path = ntalkappAppDelegate.m; sourceTree = "<group>"; };
		9558F189142AF8DC00A76D67 /* en */ = {isa = PBXFileReference; lastKnownFileType = file.xib; name = en; path = en.lproj/MainWindow.xib; sourceTree = "<group>"; };
		9558F18B142AF8DC00A76D67 /* RootViewController.h */ = {isa = PBXFileReference; lastKnownFileType = sourcecode.c.h; path = RootViewController.h; sourceTree = "<group>"; };
		9558F18C142AF8DC00A76D67 /* RootViewController.m */ = {isa = PBXFileReference; lastKnownFileType = sourcecode.c.objc; path = RootViewController.m; sourceTree = "<group>"; };
		9558F18F142AF8DC00A76D67 /* en */ = {isa = PBXFileReference; lastKnownFileType = file.xib; name = en; path = en.lproj/RootViewController.xib; sourceTree = "<group>"; };
		9558F197142AF93400A76D67 /* LoginViewController.m */ = {isa = PBXFileReference; fileEncoding = 4; lastKnownFileType = sourcecode.c.objc; path = LoginViewController.m; sourceTree = "<group>"; };
		9558F198142AF93400A76D67 /* LoginViewController.xib */ = {isa = PBXFileReference; fileEncoding = 4; lastKnownFileType = file.xib; path = LoginViewController.xib; sourceTree = "<group>"; };
		9558F199142AF93400A76D67 /* TextEditCell.m */ = {isa = PBXFileReference; fileEncoding = 4; lastKnownFileType = sourcecode.c.objc; path = TextEditCell.m; sourceTree = "<group>"; };
		9558F19A142AF93400A76D67 /* TextEditCell.xib */ = {isa = PBXFileReference; fileEncoding = 4; lastKnownFileType = file.xib; path = TextEditCell.xib; sourceTree = "<group>"; };
		9558F19B142AF93400A76D67 /* WalkthroughScreen.m */ = {isa = PBXFileReference; fileEncoding = 4; lastKnownFileType = sourcecode.c.objc; path = WalkthroughScreen.m; sourceTree = "<group>"; };
		9558F19C142AF93400A76D67 /* WalkthroughScreen1.xib */ = {isa = PBXFileReference; fileEncoding = 4; lastKnownFileType = file.xib; path = WalkthroughScreen1.xib; sourceTree = "<group>"; };
		9558F19D142AF93400A76D67 /* WalkthroughScreen2.xib */ = {isa = PBXFileReference; fileEncoding = 4; lastKnownFileType = file.xib; path = WalkthroughScreen2.xib; sourceTree = "<group>"; };
		9558F19E142AF93400A76D67 /* WalkthroughScreen3.xib */ = {isa = PBXFileReference; fileEncoding = 4; lastKnownFileType = file.xib; path = WalkthroughScreen3.xib; sourceTree = "<group>"; };
		9558F19F142AF93400A76D67 /* WalktroughViewController.m */ = {isa = PBXFileReference; fileEncoding = 4; lastKnownFileType = sourcecode.c.objc; path = WalktroughViewController.m; sourceTree = "<group>"; };
		9558F1A0142AF93400A76D67 /* WalktroughViewController.xib */ = {isa = PBXFileReference; fileEncoding = 4; lastKnownFileType = file.xib; path = WalktroughViewController.xib; sourceTree = "<group>"; };
		9558F1AB142AF9F100A76D67 /* LoginViewController.h */ = {isa = PBXFileReference; fileEncoding = 4; lastKnownFileType = sourcecode.c.h; path = LoginViewController.h; sourceTree = "<group>"; };
		9558F1AC142AF9F100A76D67 /* TextEditCell.h */ = {isa = PBXFileReference; fileEncoding = 4; lastKnownFileType = sourcecode.c.h; path = TextEditCell.h; sourceTree = "<group>"; };
		9558F1AD142AF9F100A76D67 /* WalkthroughScreen.h */ = {isa = PBXFileReference; fileEncoding = 4; lastKnownFileType = sourcecode.c.h; path = WalkthroughScreen.h; sourceTree = "<group>"; };
		9558F1AE142AF9F100A76D67 /* WalktroughViewController.h */ = {isa = PBXFileReference; fileEncoding = 4; lastKnownFileType = sourcecode.c.h; path = WalktroughViewController.h; sourceTree = "<group>"; };
		9558F1B0142AFBFC00A76D67 /* button.png */ = {isa = PBXFileReference; lastKnownFileType = image.png; path = button.png; sourceTree = "<group>"; };
		9558F1B1142AFBFC00A76D67 /* contacts.png */ = {isa = PBXFileReference; lastKnownFileType = image.png; path = contacts.png; sourceTree = "<group>"; };
		9558F1B2142AFBFC00A76D67 /* gift.png */ = {isa = PBXFileReference; lastKnownFileType = image.png; path = gift.png; sourceTree = "<group>"; };
		9558F1BB142B022800A76D67 /* ASIAuthenticationDialog.h */ = {isa = PBXFileReference; fileEncoding = 4; lastKnownFileType = sourcecode.c.h; path = ASIAuthenticationDialog.h; sourceTree = "<group>"; };
		9558F1BC142B022800A76D67 /* ASIAuthenticationDialog.m */ = {isa = PBXFileReference; fileEncoding = 4; lastKnownFileType = sourcecode.c.objc; path = ASIAuthenticationDialog.m; sourceTree = "<group>"; };
		9558F1BD142B022800A76D67 /* ASICacheDelegate.h */ = {isa = PBXFileReference; fileEncoding = 4; lastKnownFileType = sourcecode.c.h; path = ASICacheDelegate.h; sourceTree = "<group>"; };
		9558F1BE142B022800A76D67 /* ASIDataCompressor.h */ = {isa = PBXFileReference; fileEncoding = 4; lastKnownFileType = sourcecode.c.h; path = ASIDataCompressor.h; sourceTree = "<group>"; };
		9558F1BF142B022800A76D67 /* ASIDataCompressor.m */ = {isa = PBXFileReference; fileEncoding = 4; lastKnownFileType = sourcecode.c.objc; path = ASIDataCompressor.m; sourceTree = "<group>"; };
		9558F1C0142B022800A76D67 /* ASIDataDecompressor.h */ = {isa = PBXFileReference; fileEncoding = 4; lastKnownFileType = sourcecode.c.h; path = ASIDataDecompressor.h; sourceTree = "<group>"; };
		9558F1C1142B022800A76D67 /* ASIDataDecompressor.m */ = {isa = PBXFileReference; fileEncoding = 4; lastKnownFileType = sourcecode.c.objc; path = ASIDataDecompressor.m; sourceTree = "<group>"; };
		9558F1C2142B022800A76D67 /* ASIDownloadCache.h */ = {isa = PBXFileReference; fileEncoding = 4; lastKnownFileType = sourcecode.c.h; path = ASIDownloadCache.h; sourceTree = "<group>"; };
		9558F1C3142B022800A76D67 /* ASIDownloadCache.m */ = {isa = PBXFileReference; fileEncoding = 4; lastKnownFileType = sourcecode.c.objc; path = ASIDownloadCache.m; sourceTree = "<group>"; };
		9558F1C4142B022800A76D67 /* ASIFormDataRequest.h */ = {isa = PBXFileReference; fileEncoding = 4; lastKnownFileType = sourcecode.c.h; path = ASIFormDataRequest.h; sourceTree = "<group>"; };
		9558F1C5142B022800A76D67 /* ASIFormDataRequest.m */ = {isa = PBXFileReference; fileEncoding = 4; lastKnownFileType = sourcecode.c.objc; path = ASIFormDataRequest.m; sourceTree = "<group>"; };
		9558F1C6142B022800A76D67 /* ASIHTTPRequest.h */ = {isa = PBXFileReference; fileEncoding = 4; lastKnownFileType = sourcecode.c.h; path = ASIHTTPRequest.h; sourceTree = "<group>"; };
		9558F1C7142B022800A76D67 /* ASIHTTPRequest.m */ = {isa = PBXFileReference; fileEncoding = 4; lastKnownFileType = sourcecode.c.objc; path = ASIHTTPRequest.m; sourceTree = "<group>"; };
		9558F1C8142B022800A76D67 /* ASIHTTPRequestConfig.h */ = {isa = PBXFileReference; fileEncoding = 4; lastKnownFileType = sourcecode.c.h; path = ASIHTTPRequestConfig.h; sourceTree = "<group>"; };
		9558F1C9142B022800A76D67 /* ASIHTTPRequestDelegate.h */ = {isa = PBXFileReference; fileEncoding = 4; lastKnownFileType = sourcecode.c.h; path = ASIHTTPRequestDelegate.h; sourceTree = "<group>"; };
		9558F1CA142B022800A76D67 /* ASIInputStream.h */ = {isa = PBXFileReference; fileEncoding = 4; lastKnownFileType = sourcecode.c.h; path = ASIInputStream.h; sourceTree = "<group>"; };
		9558F1CB142B022800A76D67 /* ASIInputStream.m */ = {isa = PBXFileReference; fileEncoding = 4; lastKnownFileType = sourcecode.c.objc; path = ASIInputStream.m; sourceTree = "<group>"; };
		9558F1CC142B022800A76D67 /* ASIProgressDelegate.h */ = {isa = PBXFileReference; fileEncoding = 4; lastKnownFileType = sourcecode.c.h; path = ASIProgressDelegate.h; sourceTree = "<group>"; };
		9558F1D5142B029600A76D67 /* Reachability.h */ = {isa = PBXFileReference; fileEncoding = 4; lastKnownFileType = sourcecode.c.h; path = Reachability.h; sourceTree = "<group>"; };
		9558F1D6142B029600A76D67 /* Reachability.m */ = {isa = PBXFileReference; fileEncoding = 4; lastKnownFileType = sourcecode.c.objc; path = Reachability.m; sourceTree = "<group>"; };
		9558F1D8142B050D00A76D67 /* CFNetwork.framework */ = {isa = PBXFileReference; lastKnownFileType = wrapper.framework; name = CFNetwork.framework; path = System/Library/Frameworks/CFNetwork.framework; sourceTree = SDKROOT; };
		9558F1DA142B051600A76D67 /* SystemConfiguration.framework */ = {isa = PBXFileReference; lastKnownFileType = wrapper.framework; name = SystemConfiguration.framework; path = System/Library/Frameworks/SystemConfiguration.framework; sourceTree = SDKROOT; };
		9558F1DC142B051F00A76D67 /* MobileCoreServices.framework */ = {isa = PBXFileReference; lastKnownFileType = wrapper.framework; name = MobileCoreServices.framework; path = System/Library/Frameworks/MobileCoreServices.framework; sourceTree = SDKROOT; };
		9558F1DE142B053F00A76D67 /* libz.dylib */ = {isa = PBXFileReference; lastKnownFileType = "compiled.mach-o.dylib"; name = libz.dylib; path = usr/lib/libz.dylib; sourceTree = SDKROOT; };
		956F6C4D143C0C8700E21B54 /* AsyncCell.h */ = {isa = PBXFileReference; fileEncoding = 4; lastKnownFileType = sourcecode.c.h; path = AsyncCell.h; sourceTree = "<group>"; };
		956F6C4E143C0C8700E21B54 /* AsyncCell.m */ = {isa = PBXFileReference; fileEncoding = 4; lastKnownFileType = sourcecode.c.objc; path = AsyncCell.m; sourceTree = "<group>"; };
		956F6C51143C0CA700E21B54 /* FastCell.h */ = {isa = PBXFileReference; fileEncoding = 4; lastKnownFileType = sourcecode.c.h; path = FastCell.h; sourceTree = "<group>"; };
		956F6C52143C0CA700E21B54 /* FastCell.m */ = {isa = PBXFileReference; fileEncoding = 4; lastKnownFileType = sourcecode.c.objc; path = FastCell.m; sourceTree = "<group>"; };
		956F6C54143C0CD600E21B54 /* DictionaryHelper.h */ = {isa = PBXFileReference; fileEncoding = 4; lastKnownFileType = sourcecode.c.h; path = DictionaryHelper.h; sourceTree = "<group>"; };
		956F6C55143C0CD600E21B54 /* DictionaryHelper.m */ = {isa = PBXFileReference; fileEncoding = 4; lastKnownFileType = sourcecode.c.objc; path = DictionaryHelper.m; sourceTree = "<group>"; };
		956F6C57143C261C00E21B54 /* ContactDetailsViewController.h */ = {isa = PBXFileReference; fileEncoding = 4; lastKnownFileType = sourcecode.c.h; path = ContactDetailsViewController.h; sourceTree = "<group>"; };
		956F6C58143C261C00E21B54 /* ContactDetailsViewController.m */ = {isa = PBXFileReference; fileEncoding = 4; lastKnownFileType = sourcecode.c.objc; path = ContactDetailsViewController.m; sourceTree = "<group>"; };
		956F6C59143C261C00E21B54 /* ContactDetailsViewController.xib */ = {isa = PBXFileReference; fileEncoding = 4; lastKnownFileType = file.xib; path = ContactDetailsViewController.xib; sourceTree = "<group>"; };
		9582201C143954A500FA918A /* PreferencesViewController.h */ = {isa = PBXFileReference; fileEncoding = 4; lastKnownFileType = sourcecode.c.h; name = PreferencesViewController.h; path = SVProgressHUD/PreferencesViewController.h; sourceTree = "<group>"; };
		9582201D143954A500FA918A /* PreferencesViewController.m */ = {isa = PBXFileReference; fileEncoding = 4; lastKnownFileType = sourcecode.c.objc; name = PreferencesViewController.m; path = SVProgressHUD/PreferencesViewController.m; sourceTree = "<group>"; };
		9582201E143954A500FA918A /* PreferencesViewController.xib */ = {isa = PBXFileReference; fileEncoding = 4; lastKnownFileType = file.xib; name = PreferencesViewController.xib; path = SVProgressHUD/PreferencesViewController.xib; sourceTree = "<group>"; };
		959786A41439662F000CF7C7 /* ContactsViewController.h */ = {isa = PBXFileReference; fileEncoding = 4; lastKnownFileType = sourcecode.c.h; path = ContactsViewController.h; sourceTree = "<group>"; };
		959786A51439662F000CF7C7 /* ContactsViewController.m */ = {isa = PBXFileReference; fileEncoding = 4; lastKnownFileType = sourcecode.c.objc; path = ContactsViewController.m; sourceTree = "<group>"; };
		959786A61439662F000CF7C7 /* ContactsViewController.xib */ = {isa = PBXFileReference; fileEncoding = 4; lastKnownFileType = file.xib; path = ContactsViewController.xib; sourceTree = "<group>"; };
		95C7800F14393CDD001F8701 /* CoreLocationSimulator.h */ = {isa = PBXFileReference; fileEncoding = 4; lastKnownFileType = sourcecode.c.h; name = CoreLocationSimulator.h; path = ../CoreLocationSimulator.h; sourceTree = "<group>"; };
		95D97FD014418BB900D5BA5A /* 184-warning.png */ = {isa = PBXFileReference; lastKnownFileType = image.png; path = "184-warning.png"; sourceTree = "<group>"; };
		95D97FD314418BC900D5BA5A /* 112-group.png */ = {isa = PBXFileReference; lastKnownFileType = image.png; path = "112-group.png"; sourceTree = "<group>"; };
		95D97FD514418C8400D5BA5A /* 123-id-card.png */ = {isa = PBXFileReference; lastKnownFileType = image.png; path = "123-id-card.png"; sourceTree = "<group>"; };
/* End PBXFileReference section */

/* Begin PBXFrameworksBuildPhase section */
		9558F16F142AF8DC00A76D67 /* Frameworks */ = {
			isa = PBXFrameworksBuildPhase;
			buildActionMask = 2147483647;
			files = (
				951CD8FA1435AAB6005DE354 /* CoreLocation.framework in Frameworks */,
				951CD8F814358FFA005DE354 /* QuartzCore.framework in Frameworks */,
				9558F1DF142B053F00A76D67 /* libz.dylib in Frameworks */,
				9558F1DD142B051F00A76D67 /* MobileCoreServices.framework in Frameworks */,
				9558F1DB142B051600A76D67 /* SystemConfiguration.framework in Frameworks */,
				9558F1D9142B050D00A76D67 /* CFNetwork.framework in Frameworks */,
				9558F177142AF8DC00A76D67 /* UIKit.framework in Frameworks */,
				9558F179142AF8DC00A76D67 /* Foundation.framework in Frameworks */,
				9558F17B142AF8DC00A76D67 /* CoreGraphics.framework in Frameworks */,
			);
			runOnlyForDeploymentPostprocessing = 0;
		};
/* End PBXFrameworksBuildPhase section */

/* Begin PBXGroup section */
		951CD8DB1434311E005DE354 /* JSONKit */ = {
			isa = PBXGroup;
			children = (
				951CD8DC1434311E005DE354 /* JSONKit.h */,
				951CD8DD1434311E005DE354 /* JSONKit.m */,
			);
			path = JSONKit;
			sourceTree = "<group>";
		};
		951CD8E3143589ED005DE354 /* Helpers */ = {
			isa = PBXGroup;
			children = (
				956F6C51143C0CA700E21B54 /* FastCell.h */,
				956F6C52143C0CA700E21B54 /* FastCell.m */,
				951CD8E0143589E8005DE354 /* BaseViewController.h */,
				951CD8E1143589E8005DE354 /* BaseViewController.m */,
				956F6C54143C0CD600E21B54 /* DictionaryHelper.h */,
				956F6C55143C0CD600E21B54 /* DictionaryHelper.m */,
			);
			name = Helpers;
			sourceTree = "<group>";
		};
		951CD8EC14358D8B005DE354 /* SVProgressHUD */ = {
			isa = PBXGroup;
			children = (
				951CD8F214358FBC005DE354 /* SVProgressHUD.bundle */,
				951CD8F314358FBC005DE354 /* SVProgressHUD.h */,
				951CD8F414358FBC005DE354 /* SVProgressHUD.m */,
			);
			path = SVProgressHUD;
			sourceTree = "<group>";
		};
		954EDAF41441A12C00A04CFA /* Contacts */ = {
			isa = PBXGroup;
			children = (
				956F6C57143C261C00E21B54 /* ContactDetailsViewController.h */,
				956F6C58143C261C00E21B54 /* ContactDetailsViewController.m */,
				956F6C59143C261C00E21B54 /* ContactDetailsViewController.xib */,
				956F6C4D143C0C8700E21B54 /* AsyncCell.h */,
				956F6C4E143C0C8700E21B54 /* AsyncCell.m */,
				959786A41439662F000CF7C7 /* ContactsViewController.h */,
				959786A51439662F000CF7C7 /* ContactsViewController.m */,
				959786A61439662F000CF7C7 /* ContactsViewController.xib */,
			);
			name = Contacts;
			sourceTree = "<group>";
		};
		954EDB001441B10F00A04CFA /* SlideToCancel */ = {
			isa = PBXGroup;
			children = (
				954EDB011441B10F00A04CFA /* SlideToCancelViewController.h */,
				954EDB021441B10F00A04CFA /* SlideToCancelViewController.m */,
			);
			path = SlideToCancel;
			sourceTree = "<group>";
		};
		9558F167142AF8DB00A76D67 = {
			isa = PBXGroup;
			children = (
				951CD8F91435AAB6005DE354 /* CoreLocation.framework */,
				951CD8F714358FF9005DE354 /* QuartzCore.framework */,
				9558F1DE142B053F00A76D67 /* libz.dylib */,
				9558F1DC142B051F00A76D67 /* MobileCoreServices.framework */,
				9558F1DA142B051600A76D67 /* SystemConfiguration.framework */,
				9558F1D8142B050D00A76D67 /* CFNetwork.framework */,
				9558F17C142AF8DC00A76D67 /* ntalkapp */,
				9558F175142AF8DC00A76D67 /* Frameworks */,
				9558F173142AF8DC00A76D67 /* Products */,
			);
			sourceTree = "<group>";
		};
		9558F173142AF8DC00A76D67 /* Products */ = {
			isa = PBXGroup;
			children = (
				9558F172142AF8DC00A76D67 /* ntalkapp.app */,
			);
			name = Products;
			sourceTree = "<group>";
		};
		9558F175142AF8DC00A76D67 /* Frameworks */ = {
			isa = PBXGroup;
			children = (
				9558F176142AF8DC00A76D67 /* UIKit.framework */,
				9558F178142AF8DC00A76D67 /* Foundation.framework */,
				9558F17A142AF8DC00A76D67 /* CoreGraphics.framework */,
			);
			name = Frameworks;
			sourceTree = "<group>";
		};
		9558F17C142AF8DC00A76D67 /* ntalkapp */ = {
			isa = PBXGroup;
			children = (
				9558F1AF142AFBFC00A76D67 /* Resources */,
				9558F196142AF93400A76D67 /* Walktrough */,
				9558F1BA142B022800A76D67 /* ASIHttpRequest */,
				9558F1D4142B029600A76D67 /* Reachability */,
				951CD8DB1434311E005DE354 /* JSONKit */,
				951CD8E3143589ED005DE354 /* Helpers */,
				951CD8EC14358D8B005DE354 /* SVProgressHUD */,
				95822021143954B100FA918A /* Preferences */,
				954EDAF41441A12C00A04CFA /* Contacts */,
				954EDB001441B10F00A04CFA /* SlideToCancel */,
				9558F185142AF8DC00A76D67 /* ntalkappAppDelegate.h */,
				9558F186142AF8DC00A76D67 /* ntalkappAppDelegate.m */,
				95C7800F14393CDD001F8701 /* CoreLocationSimulator.h */,
				9558F188142AF8DC00A76D67 /* MainWindow.xib */,
				9558F18B142AF8DC00A76D67 /* RootViewController.h */,
				9558F18C142AF8DC00A76D67 /* RootViewController.m */,
				9558F18E142AF8DC00A76D67 /* RootViewController.xib */,
				9558F17D142AF8DC00A76D67 /* Supporting Files */,
			);
			path = ntalkapp;
			sourceTree = "<group>";
		};
		9558F17D142AF8DC00A76D67 /* Supporting Files */ = {
			isa = PBXGroup;
			children = (
				9558F17E142AF8DC00A76D67 /* ntalkapp-Info.plist */,
				9558F17F142AF8DC00A76D67 /* InfoPlist.strings */,
				9558F182142AF8DC00A76D67 /* main.m */,
				9558F184142AF8DC00A76D67 /* ntalkapp-Prefix.pch */,
			);
			name = "Supporting Files";
			sourceTree = "<group>";
		};
		9558F196142AF93400A76D67 /* Walktrough */ = {
			isa = PBXGroup;
			children = (
				9558F1AC142AF9F100A76D67 /* TextEditCell.h */,
				9558F199142AF93400A76D67 /* TextEditCell.m */,
				9558F19A142AF93400A76D67 /* TextEditCell.xib */,
				9558F1AB142AF9F100A76D67 /* LoginViewController.h */,
				9558F197142AF93400A76D67 /* LoginViewController.m */,
				9558F198142AF93400A76D67 /* LoginViewController.xib */,
				9558F1AD142AF9F100A76D67 /* WalkthroughScreen.h */,
				9558F19B142AF93400A76D67 /* WalkthroughScreen.m */,
				9558F19C142AF93400A76D67 /* WalkthroughScreen1.xib */,
				9558F19D142AF93400A76D67 /* WalkthroughScreen2.xib */,
				9558F19E142AF93400A76D67 /* WalkthroughScreen3.xib */,
				9558F1AE142AF9F100A76D67 /* WalktroughViewController.h */,
				9558F19F142AF93400A76D67 /* WalktroughViewController.m */,
				9558F1A0142AF93400A76D67 /* WalktroughViewController.xib */,
			);
			name = Walktrough;
			path = recursos;
			sourceTree = "<group>";
		};
		9558F1AF142AFBFC00A76D67 /* Resources */ = {
			isa = PBXGroup;
			children = (
				9558F1B0142AFBFC00A76D67 /* button.png */,
				95D97FD014418BB900D5BA5A /* 184-warning.png */,
				954EDB041441B14300A04CFA /* sliderMaxMin-02.png */,
				954EDB051441B14300A04CFA /* sliderThumb.png */,
				954EDB061441B14300A04CFA /* sliderTrack.png */,
				95D97FD514418C8400D5BA5A /* 123-id-card.png */,
				95D97FD314418BC900D5BA5A /* 112-group.png */,
				9558F1B1142AFBFC00A76D67 /* contacts.png */,
				9558F1B2142AFBFC00A76D67 /* gift.png */,
			);
			path = Resources;
			sourceTree = "<group>";
		};
		9558F1BA142B022800A76D67 /* ASIHttpRequest */ = {
			isa = PBXGroup;
			children = (
				9558F1BB142B022800A76D67 /* ASIAuthenticationDialog.h */,
				9558F1BC142B022800A76D67 /* ASIAuthenticationDialog.m */,
				9558F1BD142B022800A76D67 /* ASICacheDelegate.h */,
				9558F1BE142B022800A76D67 /* ASIDataCompressor.h */,
				9558F1BF142B022800A76D67 /* ASIDataCompressor.m */,
				9558F1C0142B022800A76D67 /* ASIDataDecompressor.h */,
				9558F1C1142B022800A76D67 /* ASIDataDecompressor.m */,
				9558F1C2142B022800A76D67 /* ASIDownloadCache.h */,
				9558F1C3142B022800A76D67 /* ASIDownloadCache.m */,
				9558F1C4142B022800A76D67 /* ASIFormDataRequest.h */,
				9558F1C5142B022800A76D67 /* ASIFormDataRequest.m */,
				9558F1C6142B022800A76D67 /* ASIHTTPRequest.h */,
				9558F1C7142B022800A76D67 /* ASIHTTPRequest.m */,
				9558F1C8142B022800A76D67 /* ASIHTTPRequestConfig.h */,
				9558F1C9142B022800A76D67 /* ASIHTTPRequestDelegate.h */,
				9558F1CA142B022800A76D67 /* ASIInputStream.h */,
				9558F1CB142B022800A76D67 /* ASIInputStream.m */,
				9558F1CC142B022800A76D67 /* ASIProgressDelegate.h */,
			);
			path = ASIHttpRequest;
			sourceTree = "<group>";
		};
		9558F1D4142B029600A76D67 /* Reachability */ = {
			isa = PBXGroup;
			children = (
				9558F1D5142B029600A76D67 /* Reachability.h */,
				9558F1D6142B029600A76D67 /* Reachability.m */,
			);
			path = Reachability;
			sourceTree = "<group>";
		};
		95822021143954B100FA918A /* Preferences */ = {
			isa = PBXGroup;
			children = (
				9582201C143954A500FA918A /* PreferencesViewController.h */,
				9582201D143954A500FA918A /* PreferencesViewController.m */,
				9582201E143954A500FA918A /* PreferencesViewController.xib */,
			);
			name = Preferences;
			sourceTree = "<group>";
		};
/* End PBXGroup section */

/* Begin PBXNativeTarget section */
		9558F171142AF8DC00A76D67 /* ntalkapp */ = {
			isa = PBXNativeTarget;
			buildConfigurationList = 9558F193142AF8DC00A76D67 /* Build configuration list for PBXNativeTarget "ntalkapp" */;
			buildPhases = (
				9558F16E142AF8DC00A76D67 /* Sources */,
				9558F16F142AF8DC00A76D67 /* Frameworks */,
				9558F170142AF8DC00A76D67 /* Resources */,
			);
			buildRules = (
			);
			dependencies = (
			);
			name = ntalkapp;
			productName = ntalkapp;
			productReference = 9558F172142AF8DC00A76D67 /* ntalkapp.app */;
			productType = "com.apple.product-type.application";
		};
/* End PBXNativeTarget section */

/* Begin PBXProject section */
		9558F169142AF8DB00A76D67 /* Project object */ = {
			isa = PBXProject;
			attributes = {
				ORGANIZATIONNAME = "N-talk";
			};
			buildConfigurationList = 9558F16C142AF8DB00A76D67 /* Build configuration list for PBXProject "ntalkapp" */;
			compatibilityVersion = "Xcode 3.2";
			developmentRegion = English;
			hasScannedForEncodings = 0;
			knownRegions = (
				en,
			);
			mainGroup = 9558F167142AF8DB00A76D67;
			productRefGroup = 9558F173142AF8DC00A76D67 /* Products */;
			projectDirPath = "";
			projectRoot = "";
			targets = (
				9558F171142AF8DC00A76D67 /* ntalkapp */,
			);
		};
/* End PBXProject section */

/* Begin PBXResourcesBuildPhase section */
		9558F170142AF8DC00A76D67 /* Resources */ = {
			isa = PBXResourcesBuildPhase;
			buildActionMask = 2147483647;
			files = (
				9558F181142AF8DC00A76D67 /* InfoPlist.strings in Resources */,
				9558F18A142AF8DC00A76D67 /* MainWindow.xib in Resources */,
				9558F190142AF8DC00A76D67 /* RootViewController.xib in Resources */,
				9558F1A2142AF93400A76D67 /* LoginViewController.xib in Resources */,
				9558F1A4142AF93400A76D67 /* TextEditCell.xib in Resources */,
				9558F1A6142AF93400A76D67 /* WalkthroughScreen1.xib in Resources */,
				9558F1A7142AF93400A76D67 /* WalkthroughScreen2.xib in Resources */,
				9558F1A8142AF93400A76D67 /* WalkthroughScreen3.xib in Resources */,
				9558F1AA142AF93400A76D67 /* WalktroughViewController.xib in Resources */,
				9558F1B3142AFBFD00A76D67 /* button.png in Resources */,
				9558F1B4142AFBFD00A76D67 /* contacts.png in Resources */,
				9558F1B5142AFBFD00A76D67 /* gift.png in Resources */,
				951CD8F514358FBC005DE354 /* SVProgressHUD.bundle in Resources */,
				95822020143954A500FA918A /* PreferencesViewController.xib in Resources */,
				959786A81439662F000CF7C7 /* ContactsViewController.xib in Resources */,
				956F6C5B143C261C00E21B54 /* ContactDetailsViewController.xib in Resources */,
				95D97FD114418BB900D5BA5A /* 184-warning.png in Resources */,
				95D97FD414418BC900D5BA5A /* 112-group.png in Resources */,
				95D97FD614418C8400D5BA5A /* 123-id-card.png in Resources */,
				954EDB071441B14300A04CFA /* sliderMaxMin-02.png in Resources */,
				954EDB081441B14300A04CFA /* sliderThumb.png in Resources */,
				954EDB091441B14300A04CFA /* sliderTrack.png in Resources */,
			);
			runOnlyForDeploymentPostprocessing = 0;
		};
/* End PBXResourcesBuildPhase section */

/* Begin PBXSourcesBuildPhase section */
		9558F16E142AF8DC00A76D67 /* Sources */ = {
			isa = PBXSourcesBuildPhase;
			buildActionMask = 2147483647;
			files = (
				9558F183142AF8DC00A76D67 /* main.m in Sources */,
				9558F187142AF8DC00A76D67 /* ntalkappAppDelegate.m in Sources */,
				9558F18D142AF8DC00A76D67 /* RootViewController.m in Sources */,
				9558F1A1142AF93400A76D67 /* LoginViewController.m in Sources */,
				9558F1A3142AF93400A76D67 /* TextEditCell.m in Sources */,
				9558F1A5142AF93400A76D67 /* WalkthroughScreen.m in Sources */,
				9558F1A9142AF93400A76D67 /* WalktroughViewController.m in Sources */,
				9558F1CD142B022800A76D67 /* ASIAuthenticationDialog.m in Sources */,
				9558F1CE142B022800A76D67 /* ASIDataCompressor.m in Sources */,
				9558F1CF142B022800A76D67 /* ASIDataDecompressor.m in Sources */,
				9558F1D0142B022800A76D67 /* ASIDownloadCache.m in Sources */,
				9558F1D1142B022800A76D67 /* ASIFormDataRequest.m in Sources */,
				9558F1D2142B022800A76D67 /* ASIHTTPRequest.m in Sources */,
				9558F1D3142B022800A76D67 /* ASIInputStream.m in Sources */,
				9558F1D7142B029600A76D67 /* Reachability.m in Sources */,
				951CD8DE1434311E005DE354 /* JSONKit.m in Sources */,
				951CD8E2143589E8005DE354 /* BaseViewController.m in Sources */,
				951CD8F614358FBC005DE354 /* SVProgressHUD.m in Sources */,
				9582201F143954A500FA918A /* PreferencesViewController.m in Sources */,
				959786A71439662F000CF7C7 /* ContactsViewController.m in Sources */,
				956F6C4F143C0C8700E21B54 /* AsyncCell.m in Sources */,
				956F6C53143C0CA700E21B54 /* FastCell.m in Sources */,
				956F6C56143C0CD600E21B54 /* DictionaryHelper.m in Sources */,
				956F6C5A143C261C00E21B54 /* ContactDetailsViewController.m in Sources */,
				954EDB031441B10F00A04CFA /* SlideToCancelViewController.m in Sources */,
			);
			runOnlyForDeploymentPostprocessing = 0;
		};
/* End PBXSourcesBuildPhase section */

/* Begin PBXVariantGroup section */
		9558F17F142AF8DC00A76D67 /* InfoPlist.strings */ = {
			isa = PBXVariantGroup;
			children = (
				9558F180142AF8DC00A76D67 /* en */,
			);
			name = InfoPlist.strings;
			sourceTree = "<group>";
		};
		9558F188142AF8DC00A76D67 /* MainWindow.xib */ = {
			isa = PBXVariantGroup;
			children = (
				9558F189142AF8DC00A76D67 /* en */,
			);
			name = MainWindow.xib;
			sourceTree = "<group>";
		};
		9558F18E142AF8DC00A76D67 /* RootViewController.xib */ = {
			isa = PBXVariantGroup;
			children = (
				9558F18F142AF8DC00A76D67 /* en */,
			);
			name = RootViewController.xib;
			sourceTree = "<group>";
		};
/* End PBXVariantGroup section */

/* Begin XCBuildConfiguration section */
		9558F191142AF8DC00A76D67 /* Debug */ = {
			isa = XCBuildConfiguration;
			buildSettings = {
				ALWAYS_SEARCH_USER_PATHS = NO;
				ARCHS = "$(ARCHS_STANDARD_32_BIT)";
				"CODE_SIGN_IDENTITY[sdk=iphoneos*]" = "iPhone Developer";
				COPY_PHASE_STRIP = NO;
				GCC_C_LANGUAGE_STANDARD = gnu99;
				GCC_DYNAMIC_NO_PIC = NO;
				GCC_OPTIMIZATION_LEVEL = 0;
				GCC_PREPROCESSOR_DEFINITIONS = (
					"DEBUG=1",
					"$(inherited)",
				);
				GCC_SYMBOLS_PRIVATE_EXTERN = NO;
				GCC_VERSION = com.apple.compilers.llvmgcc42;
				GCC_WARN_ABOUT_MISSING_PROTOTYPES = YES;
				GCC_WARN_ABOUT_RETURN_TYPE = YES;
				GCC_WARN_UNUSED_VARIABLE = YES;
				IPHONEOS_DEPLOYMENT_TARGET = 4.3;
				SDKROOT = iphoneos;
			};
			name = Debug;
		};
		9558F192142AF8DC00A76D67 /* Release */ = {
			isa = XCBuildConfiguration;
			buildSettings = {
				ALWAYS_SEARCH_USER_PATHS = NO;
				ARCHS = "$(ARCHS_STANDARD_32_BIT)";
				"CODE_SIGN_IDENTITY[sdk=iphoneos*]" = "iPhone Developer";
				COPY_PHASE_STRIP = YES;
				GCC_C_LANGUAGE_STANDARD = gnu99;
				GCC_VERSION = com.apple.compilers.llvmgcc42;
				GCC_WARN_ABOUT_MISSING_PROTOTYPES = YES;
				GCC_WARN_ABOUT_RETURN_TYPE = YES;
				GCC_WARN_UNUSED_VARIABLE = YES;
				IPHONEOS_DEPLOYMENT_TARGET = 4.3;
				OTHER_CFLAGS = "-DNS_BLOCK_ASSERTIONS=1";
				SDKROOT = iphoneos;
				VALIDATE_PRODUCT = YES;
			};
			name = Release;
		};
		9558F194142AF8DC00A76D67 /* Debug */ = {
			isa = XCBuildConfiguration;
			buildSettings = {
				GCC_PRECOMPILE_PREFIX_HEADER = YES;
				GCC_PREFIX_HEADER = "ntalkapp/ntalkapp-Prefix.pch";
				GCC_VERSION = com.apple.compilers.llvm.clang.1_0;
				INFOPLIST_FILE = "ntalkapp/ntalkapp-Info.plist";
				PRODUCT_NAME = "$(TARGET_NAME)";
				WRAPPER_EXTENSION = app;
			};
			name = Debug;
		};
		9558F195142AF8DC00A76D67 /* Release */ = {
			isa = XCBuildConfiguration;
			buildSettings = {
				GCC_PRECOMPILE_PREFIX_HEADER = YES;
				GCC_PREFIX_HEADER = "ntalkapp/ntalkapp-Prefix.pch";
				GCC_VERSION = com.apple.compilers.llvm.clang.1_0;
				INFOPLIST_FILE = "ntalkapp/ntalkapp-Info.plist";
				PRODUCT_NAME = "$(TARGET_NAME)";
				WRAPPER_EXTENSION = app;
			};
			name = Release;
		};
/* End XCBuildConfiguration section */

/* Begin XCConfigurationList section */
		9558F16C142AF8DB00A76D67 /* Build configuration list for PBXProject "ntalkapp" */ = {
			isa = XCConfigurationList;
			buildConfigurations = (
				9558F191142AF8DC00A76D67 /* Debug */,
				9558F192142AF8DC00A76D67 /* Release */,
			);
			defaultConfigurationIsVisible = 0;
			defaultConfigurationName = Release;
		};
		9558F193142AF8DC00A76D67 /* Build configuration list for PBXNativeTarget "ntalkapp" */ = {
			isa = XCConfigurationList;
			buildConfigurations = (
				9558F194142AF8DC00A76D67 /* Debug */,
				9558F195142AF8DC00A76D67 /* Release */,
			);
			defaultConfigurationIsVisible = 0;
			defaultConfigurationName = Release;
		};
/* End XCConfigurationList section */
	};
	rootObject = 9558F169142AF8DB00A76D67 /* Project object */;
}
